
Microsoft Visual Studio Solution File, Format Version 12.00
# Visual Studio Version 16
VisualStudioVersion = 16.0.30907.101
MinimumVisualStudioVersion = 10.0.40219.1
Project("{FAE04EC0-301F-11D3-BF4B-00C04F79EFBC}") = "Project_week04", "Project_week04.csproj", "{0ED576A5-4F88-4A3F-959E-789D93E9BFFF}"
EndProject
Global
	GlobalSection(SolutionConfigurationPlatforms) = preSolution
		Debug|Any CPU = Debug|Any CPU
		Release|Any CPU = Release|Any CPU
	EndGlobalSection
	GlobalSection(ProjectConfigurationPlatforms) = postSolution
		{0ED576A5-4F88-4A3F-959E-789D93E9BFFF}.Debug|Any CPU.ActiveCfg = Debug|Any CPU
		{0ED576A5-4F88-4A3F-959E-789D93E9BFFF}.Debug|Any CPU.Build.0 = Debug|Any CPU
		{0ED576A5-4F88-4A3F-959E-789D93E9BFFF}.Release|Any CPU.ActiveCfg = Release|Any CPU
		{0ED576A5-4F88-4A3F-959E-789D93E9BFFF}.Release|Any CPU.Build.0 = Release|Any CPU
	EndGlobalSection
	GlobalSection(SolutionProperties) = preSolution
		HideSolutionNode = FALSE
	EndGlobalSection
	GlobalSection(ExtensibilityGlobals) = postSolution
		SolutionGuid = {E3AA3AC9-8A56-4FFE-9754-C1FAFAAD8A25}
	EndGlobalSection
EndGlobal
