
Microsoft Visual Studio Solution File, Format Version 12.00
# Visual Studio Version 16
VisualStudioVersion = 16.0.30907.101
MinimumVisualStudioVersion = 10.0.40219.1
Project("{FAE04EC0-301F-11D3-BF4B-00C04F79EFBC}") = "Project_week05", "Project_week05.csproj", "{2F139C27-D567-42BE-BC32-79662F3C7B43}"
EndProject
Global
	GlobalSection(SolutionConfigurationPlatforms) = preSolution
		Debug|Any CPU = Debug|Any CPU
		Release|Any CPU = Release|Any CPU
	EndGlobalSection
	GlobalSection(ProjectConfigurationPlatforms) = postSolution
		{2F139C27-D567-42BE-BC32-79662F3C7B43}.Debug|Any CPU.ActiveCfg = Debug|Any CPU
		{2F139C27-D567-42BE-BC32-79662F3C7B43}.Debug|Any CPU.Build.0 = Debug|Any CPU
		{2F139C27-D567-42BE-BC32-79662F3C7B43}.Release|Any CPU.ActiveCfg = Release|Any CPU
		{2F139C27-D567-42BE-BC32-79662F3C7B43}.Release|Any CPU.Build.0 = Release|Any CPU
	EndGlobalSection
	GlobalSection(SolutionProperties) = preSolution
		HideSolutionNode = FALSE
	EndGlobalSection
	GlobalSection(ExtensibilityGlobals) = postSolution
		SolutionGuid = {7E07F2D2-F7A7-4B77-8355-09172453ECB7}
	EndGlobalSection
EndGlobal
